{
    "_meta": {
        "hash": {
            "sha256": "0159d97ec7130e159708c76aaeba58f1562c80d5affecef69017db51f4985ad4"
        },
        "pipfile-spec": 6,
        "requires": {
            "python_version": "3.7"
        },
        "sources": [
            {
                "name": "pypi",
                "url": "https://pypi.org/simple",
                "verify_ssl": true
            }
        ]
    },
    "default": {
        "slack": {
            "hashes": [
                "sha256:842275c64f8eaeec67e24717e9a409cf8c6f01010d707cc09801572b4c2a7f1b",
                "sha256:e0b0cd3ba730e81aa82eef0973a7970652b99f6445cb71a6dde1d29e6d13b051"
            ],
            "index": "pypi",
            "version": "==0.0.2"
        }
    },
    "develop": {}
}
